
Microsoft Visual Studio Solution File, Format Version 12.00
# Visual Studio 15
VisualStudioVersion = 15.0.27130.2003
MinimumVisualStudioVersion = 10.0.40219.1
Project("{FAE04EC0-301F-11D3-BF4B-00C04F79EFBC}") = "AirportTablo1", "AirportTablo1\AirportTablo1.csproj", "{C7F9AD79-FDA7-49E4-BF04-F5E4A953FCC8}"
EndProject
Global
	GlobalSection(SolutionConfigurationPlatforms) = preSolution
		Debug|Any CPU = Debug|Any CPU
		Release|Any CPU = Release|Any CPU
	EndGlobalSection
	GlobalSection(ProjectConfigurationPlatforms) = postSolution
		{C7F9AD79-FDA7-49E4-BF04-F5E4A953FCC8}.Debug|Any CPU.ActiveCfg = Debug|Any CPU
		{C7F9AD79-FDA7-49E4-BF04-F5E4A953FCC8}.Debug|Any CPU.Build.0 = Debug|Any CPU
		{C7F9AD79-FDA7-49E4-BF04-F5E4A953FCC8}.Release|Any CPU.ActiveCfg = Release|Any CPU
		{C7F9AD79-FDA7-49E4-BF04-F5E4A953FCC8}.Release|Any CPU.Build.0 = Release|Any CPU
	EndGlobalSection
	GlobalSection(SolutionProperties) = preSolution
		HideSolutionNode = FALSE
	EndGlobalSection
	GlobalSection(ExtensibilityGlobals) = postSolution
		SolutionGuid = {EC385D66-F5E1-4AB7-B36A-7E7C09012747}
	EndGlobalSection
EndGlobal
